
Microsoft Visual Studio Solution File, Format Version 12.00
# Visual Studio Version 17
VisualStudioVersion = 17.0.32112.339
MinimumVisualStudioVersion = 10.0.40219.1
Project("{D79B10D3-B908-4BA7-A613-A9F53AF92AC4}") = "ZuluhotelOmega", "ZuluhotelOmega\ZuluhotelOmega.csproj", "{46C4A5C1-3655-4CCB-8546-CF2E5B320182}"
EndProject
Project("{9A19103F-16F7-4668-BE54-9A1E7A4F7556}") = "ZuluContent", "zuluhotel\ZuluContent\ZuluContent.csproj", "{46C4A5C1-3655-4CCB-8546-CF2E5B320182}"
EndProject
Project("{9A19103F-16F7-4668-BE54-9A1E7A4F7556}") = "Server", "zuluhotel\ModernUO\Projects\Server\Server.csproj", "{9637ACEC-800E-4712-BE05-0AD045440641}"
EndProject
Project("{2150E333-8FDC-42A3-9474-1A3956D46DE8}") = "ModernUO", "ModernUO", "{70A70554-D1A3-4700-ABA1-FDEE7118280F}"
EndProject
Project("{2150E333-8FDC-42A3-9474-1A3956D46DE8}") = "Run Configurations", "Run Configurations", "{FE8CDD99-547C-4D0A-A44F-5027D45C0DE1}"
	ProjectSection(SolutionItems) = preProject
		.run\Server.run.xml = .run\Server.run.xml
	EndProjectSection
EndProject
Global
	GlobalSection(SolutionConfigurationPlatforms) = preSolution
		Debug|Any CPU = Debug|Any CPU
		Release|Any CPU = Release|Any CPU
	EndGlobalSection
EndGlobal
